
Microsoft Visual Studio Solution File, Format Version 12.00
# Visual Studio Version 16
VisualStudioVersion = 16.0.30413.136
MinimumVisualStudioVersion = 10.0.40219.1
Project("{2150E333-8FDC-42A3-9474-1A3956D46DE8}") = "Library", "Library", "{F2ECED1B-389F-4120-A8D2-90B942A0089C}"
EndProject
Project("{2150E333-8FDC-42A3-9474-1A3956D46DE8}") = "Demo", "Demo", "{47E5F04D-1BAA-4DF8-8988-AC224E94497C}"
EndProject
Project("{FAE04EC0-301F-11D3-BF4B-00C04F79EFBC}") = "MintPlayer.Xamarin.Alert", "Library\MintPlayer.Xamarin.Alert\MintPlayer.Xamarin.Alert.csproj", "{6C61BA76-6CBC-497A-A7AA-3CE7175307D0}"
EndProject
Project("{FAE04EC0-301F-11D3-BF4B-00C04F79EFBC}") = "MintPlayer.Xamarin.Alert.Demo.UWP", "Demo\MintPlayer.Xamarin.Alert.Demo\MintPlayer.Xamarin.Alert.Demo.UWP\MintPlayer.Xamarin.Alert.Demo.UWP.csproj", "{6D77126B-37F8-4D36-8EF0-46ACF1C51ADA}"
EndProject
Project("{FAE04EC0-301F-11D3-BF4B-00C04F79EFBC}") = "MintPlayer.Xamarin.Alert.Demo.Android", "Demo\MintPlayer.Xamarin.Alert.Demo\MintPlayer.Xamarin.Alert.Demo.Android\MintPlayer.Xamarin.Alert.Demo.Android.csproj", "{6F7CD62F-F9CB-41B0-BD05-040DE58B7394}"
EndProject
Project("{FAE04EC0-301F-11D3-BF4B-00C04F79EFBC}") = "MintPlayer.Xamarin.Alert.Demo.iOS", "Demo\MintPlayer.Xamarin.Alert.Demo\MintPlayer.Xamarin.Alert.Demo.iOS\MintPlayer.Xamarin.Alert.Demo.iOS.csproj", "{4D52B2F6-AAA8-4B12-9E8B-5182A99A77A9}"
EndProject
Project("{FAE04EC0-301F-11D3-BF4B-00C04F79EFBC}") = "MintPlayer.Xamarin.Alert.Demo", "Demo\MintPlayer.Xamarin.Alert.Demo\MintPlayer.Xamarin.Alert.Demo\MintPlayer.Xamarin.Alert.Demo.csproj", "{7D81F953-E5CF-48D8-A1D7-7369D1255546}"
EndProject
Global
	GlobalSection(SolutionConfigurationPlatforms) = preSolution
		Debug|Any CPU = Debug|Any CPU
		Debug|ARM = Debug|ARM
		Debug|iPhone = Debug|iPhone
		Debug|iPhoneSimulator = Debug|iPhoneSimulator
		Debug|x64 = Debug|x64
		Debug|x86 = Debug|x86
		Release|Any CPU = Release|Any CPU
		Release|ARM = Release|ARM
		Release|iPhone = Release|iPhone
		Release|iPhoneSimulator = Release|iPhoneSimulator
		Release|x64 = Release|x64
		Release|x86 = Release|x86
	EndGlobalSection
	GlobalSection(ProjectConfigurationPlatforms) = postSolution
		{6C61BA76-6CBC-497A-A7AA-3CE7175307D0}.Debug|Any CPU.ActiveCfg = Debug|Any CPU
		{6C61BA76-6CBC-497A-A7AA-3CE7175307D0}.Debug|Any CPU.Build.0 = Debug|Any CPU
		{6C61BA76-6CBC-497A-A7AA-3CE7175307D0}.Debug|ARM.ActiveCfg = Debug|Any CPU
		{6C61BA76-6CBC-497A-A7AA-3CE7175307D0}.Debug|ARM.Build.0 = Debug|Any CPU
		{6C61BA76-6CBC-497A-A7AA-3CE7175307D0}.Debug|iPhone.ActiveCfg = Debug|Any CPU
		{6C61BA76-6CBC-497A-A7AA-3CE7175307D0}.Debug|iPhone.Build.0 = Debug|Any CPU
		{6C61BA76-6CBC-497A-A7AA-3CE7175307D0}.Debug|iPhoneSimulator.ActiveCfg = Debug|Any CPU
		{6C61BA76-6CBC-497A-A7AA-3CE7175307D0}.Debug|iPhoneSimulator.Build.0 = Debug|Any CPU
		{6C61BA76-6CBC-497A-A7AA-3CE7175307D0}.Debug|x64.ActiveCfg = Debug|Any CPU
		{6C61BA76-6CBC-497A-A7AA-3CE7175307D0}.Debug|x64.Build.0 = Debug|Any CPU
		{6C61BA76-6CBC-497A-A7AA-3CE7175307D0}.Debug|x86.ActiveCfg = Debug|Any CPU
		{6C61BA76-6CBC-497A-A7AA-3CE7175307D0}.Debug|x86.Build.0 = Debug|Any CPU
		{6C61BA76-6CBC-497A-A7AA-3CE7175307D0}.Release|Any CPU.ActiveCfg = Release|Any CPU
		{6C61BA76-6CBC-497A-A7AA-3CE7175307D0}.Release|Any CPU.Build.0 = Release|Any CPU
		{6C61BA76-6CBC-497A-A7AA-3CE7175307D0}.Release|ARM.ActiveCfg = Release|Any CPU
		{6C61BA76-6CBC-497A-A7AA-3CE7175307D0}.Release|ARM.Build.0 = Release|Any CPU
		{6C61BA76-6CBC-497A-A7AA-3CE7175307D0}.Release|iPhone.ActiveCfg = Release|Any CPU
		{6C61BA76-6CBC-497A-A7AA-3CE7175307D0}.Release|iPhone.Build.0 = Release|Any CPU
		{6C61BA76-6CBC-497A-A7AA-3CE7175307D0}.Release|iPhoneSimulator.ActiveCfg = Release|Any CPU
		{6C61BA76-6CBC-497A-A7AA-3CE7175307D0}.Release|iPhoneSimulator.Build.0 = Release|Any CPU
		{6C61BA76-6CBC-497A-A7AA-3CE7175307D0}.Release|x64.ActiveCfg = Release|Any CPU
		{6C61BA76-6CBC-497A-A7AA-3CE7175307D0}.Release|x64.Build.0 = Release|Any CPU
		{6C61BA76-6CBC-497A-A7AA-3CE7175307D0}.Release|x86.ActiveCfg = Release|Any CPU
		{6C61BA76-6CBC-497A-A7AA-3CE7175307D0}.Release|x86.Build.0 = Release|Any CPU
		{6D77126B-37F8-4D36-8EF0-46ACF1C51ADA}.Debug|Any CPU.ActiveCfg = Debug|x86
		{6D77126B-37F8-4D36-8EF0-46ACF1C51ADA}.Debug|ARM.ActiveCfg = Debug|ARM
		{6D77126B-37F8-4D36-8EF0-46ACF1C51ADA}.Debug|ARM.Build.0 = Debug|ARM
		{6D77126B-37F8-4D36-8EF0-46ACF1C51ADA}.Debug|ARM.Deploy.0 = Debug|ARM
		{6D77126B-37F8-4D36-8EF0-46ACF1C51ADA}.Debug|iPhone.ActiveCfg = Debug|x86
		{6D77126B-37F8-4D36-8EF0-46ACF1C51ADA}.Debug|iPhoneSimulator.ActiveCfg = Debug|x86
		{6D77126B-37F8-4D36-8EF0-46ACF1C51ADA}.Debug|x64.ActiveCfg = Debug|x64
		{6D77126B-37F8-4D36-8EF0-46ACF1C51ADA}.Debug|x64.Build.0 = Debug|x64
		{6D77126B-37F8-4D36-8EF0-46ACF1C51ADA}.Debug|x64.Deploy.0 = Debug|x64
		{6D77126B-37F8-4D36-8EF0-46ACF1C51ADA}.Debug|x86.ActiveCfg = Debug|x86
		{6D77126B-37F8-4D36-8EF0-46ACF1C51ADA}.Debug|x86.Build.0 = Debug|x86
		{6D77126B-37F8-4D36-8EF0-46ACF1C51ADA}.Debug|x86.Deploy.0 = Debug|x86
		{6D77126B-37F8-4D36-8EF0-46ACF1C51ADA}.Release|Any CPU.ActiveCfg = Release|x86
		{6D77126B-37F8-4D36-8EF0-46ACF1C51ADA}.Release|ARM.ActiveCfg = Release|ARM
		{6D77126B-37F8-4D36-8EF0-46ACF1C51ADA}.Release|ARM.Build.0 = Release|ARM
		{6D77126B-37F8-4D36-8EF0-46ACF1C51ADA}.Release|ARM.Deploy.0 = Release|ARM
		{6D77126B-37F8-4D36-8EF0-46ACF1C51ADA}.Release|iPhone.ActiveCfg = Release|x86
		{6D77126B-37F8-4D36-8EF0-46ACF1C51ADA}.Release|iPhoneSimulator.ActiveCfg = Release|x86
		{6D77126B-37F8-4D36-8EF0-46ACF1C51ADA}.Release|x64.ActiveCfg = Release|x64
		{6D77126B-37F8-4D36-8EF0-46ACF1C51ADA}.Release|x64.Build.0 = Release|x64
		{6D77126B-37F8-4D36-8EF0-46ACF1C51ADA}.Release|x64.Deploy.0 = Release|x64
		{6D77126B-37F8-4D36-8EF0-46ACF1C51ADA}.Release|x86.ActiveCfg = Release|x86
		{6D77126B-37F8-4D36-8EF0-46ACF1C51ADA}.Release|x86.Build.0 = Release|x86
		{6D77126B-37F8-4D36-8EF0-46ACF1C51ADA}.Release|x86.Deploy.0 = Release|x86
		{6F7CD62F-F9CB-41B0-BD05-040DE58B7394}.Debug|Any CPU.ActiveCfg = Debug|Any CPU
		{6F7CD62F-F9CB-41B0-BD05-040DE58B7394}.Debug|Any CPU.Build.0 = Debug|Any CPU
		{6F7CD62F-F9CB-41B0-BD05-040DE58B7394}.Debug|Any CPU.Deploy.0 = Debug|Any CPU
		{6F7CD62F-F9CB-41B0-BD05-040DE58B7394}.Debug|ARM.ActiveCfg = Debug|Any CPU
		{6F7CD62F-F9CB-41B0-BD05-040DE58B7394}.Debug|ARM.Build.0 = Debug|Any CPU
		{6F7CD62F-F9CB-41B0-BD05-040DE58B7394}.Debug|ARM.Deploy.0 = Debug|Any CPU
		{6F7CD62F-F9CB-41B0-BD05-040DE58B7394}.Debug|iPhone.ActiveCfg = Debug|Any CPU
		{6F7CD62F-F9CB-41B0-BD05-040DE58B7394}.Debug|iPhone.Build.0 = Debug|Any CPU
		{6F7CD62F-F9CB-41B0-BD05-040DE58B7394}.Debug|iPhone.Deploy.0 = Debug|Any CPU
		{6F7CD62F-F9CB-41B0-BD05-040DE58B7394}.Debug|iPhoneSimulator.ActiveCfg = Debug|Any CPU
		{6F7CD62F-F9CB-41B0-BD05-040DE58B7394}.Debug|iPhoneSimulator.Build.0 = Debug|Any CPU
		{6F7CD62F-F9CB-41B0-BD05-040DE58B7394}.Debug|iPhoneSimulator.Deploy.0 = Debug|Any CPU
		{6F7CD62F-F9CB-41B0-BD05-040DE58B7394}.Debug|x64.ActiveCfg = Debug|Any CPU
		{6F7CD62F-F9CB-41B0-BD05-040DE58B7394}.Debug|x64.Build.0 = Debug|Any CPU
		{6F7CD62F-F9CB-41B0-BD05-040DE58B7394}.Debug|x64.Deploy.0 = Debug|Any CPU
		{6F7CD62F-F9CB-41B0-BD05-040DE58B7394}.Debug|x86.ActiveCfg = Debug|Any CPU
		{6F7CD62F-F9CB-41B0-BD05-040DE58B7394}.Debug|x86.Build.0 = Debug|Any CPU
		{6F7CD62F-F9CB-41B0-BD05-040DE58B7394}.Debug|x86.Deploy.0 = Debug|Any CPU
		{6F7CD62F-F9CB-41B0-BD05-040DE58B7394}.Release|Any CPU.ActiveCfg = Release|Any CPU
		{6F7CD62F-F9CB-41B0-BD05-040DE58B7394}.Release|Any CPU.Build.0 = Release|Any CPU
		{6F7CD62F-F9CB-41B0-BD05-040DE58B7394}.Release|Any CPU.Deploy.0 = Release|Any CPU
		{6F7CD62F-F9CB-41B0-BD05-040DE58B7394}.Release|ARM.ActiveCfg = Release|Any CPU
		{6F7CD62F-F9CB-41B0-BD05-040DE58B7394}.Release|ARM.Build.0 = Release|Any CPU
		{6F7CD62F-F9CB-41B0-BD05-040DE58B7394}.Release|ARM.Deploy.0 = Release|Any CPU
		{6F7CD62F-F9CB-41B0-BD05-040DE58B7394}.Release|iPhone.ActiveCfg = Release|Any CPU
		{6F7CD62F-F9CB-41B0-BD05-040DE58B7394}.Release|iPhone.Build.0 = Release|Any CPU
		{6F7CD62F-F9CB-41B0-BD05-040DE58B7394}.Release|iPhone.Deploy.0 = Release|Any CPU
		{6F7CD62F-F9CB-41B0-BD05-040DE58B7394}.Release|iPhoneSimulator.ActiveCfg = Release|Any CPU
		{6F7CD62F-F9CB-41B0-BD05-040DE58B7394}.Release|iPhoneSimulator.Build.0 = Release|Any CPU
		{6F7CD62F-F9CB-41B0-BD05-040DE58B7394}.Release|iPhoneSimulator.Deploy.0 = Release|Any CPU
		{6F7CD62F-F9CB-41B0-BD05-040DE58B7394}.Release|x64.ActiveCfg = Release|Any CPU
		{6F7CD62F-F9CB-41B0-BD05-040DE58B7394}.Release|x64.Build.0 = Release|Any CPU
		{6F7CD62F-F9CB-41B0-BD05-040DE58B7394}.Release|x64.Deploy.0 = Release|Any CPU
		{6F7CD62F-F9CB-41B0-BD05-040DE58B7394}.Release|x86.ActiveCfg = Release|Any CPU
		{6F7CD62F-F9CB-41B0-BD05-040DE58B7394}.Release|x86.Build.0 = Release|Any CPU
		{6F7CD62F-F9CB-41B0-BD05-040DE58B7394}.Release|x86.Deploy.0 = Release|Any CPU
		{4D52B2F6-AAA8-4B12-9E8B-5182A99A77A9}.Debug|Any CPU.ActiveCfg = Debug|iPhone
		{4D52B2F6-AAA8-4B12-9E8B-5182A99A77A9}.Debug|ARM.ActiveCfg = Debug|iPhone
		{4D52B2F6-AAA8-4B12-9E8B-5182A99A77A9}.Debug|iPhone.ActiveCfg = Debug|iPhone
		{4D52B2F6-AAA8-4B12-9E8B-5182A99A77A9}.Debug|iPhone.Build.0 = Debug|iPhone
		{4D52B2F6-AAA8-4B12-9E8B-5182A99A77A9}.Debug|iPhoneSimulator.ActiveCfg = Debug|iPhoneSimulator
		{4D52B2F6-AAA8-4B12-9E8B-5182A99A77A9}.Debug|iPhoneSimulator.Build.0 = Debug|iPhoneSimulator
		{4D52B2F6-AAA8-4B12-9E8B-5182A99A77A9}.Debug|x64.ActiveCfg = Debug|iPhone
		{4D52B2F6-AAA8-4B12-9E8B-5182A99A77A9}.Debug|x86.ActiveCfg = Debug|iPhone
		{4D52B2F6-AAA8-4B12-9E8B-5182A99A77A9}.Release|Any CPU.ActiveCfg = Release|iPhone
		{4D52B2F6-AAA8-4B12-9E8B-5182A99A77A9}.Release|ARM.ActiveCfg = Release|iPhone
		{4D52B2F6-AAA8-4B12-9E8B-5182A99A77A9}.Release|iPhone.ActiveCfg = Release|iPhone
		{4D52B2F6-AAA8-4B12-9E8B-5182A99A77A9}.Release|iPhone.Build.0 = Release|iPhone
		{4D52B2F6-AAA8-4B12-9E8B-5182A99A77A9}.Release|iPhoneSimulator.ActiveCfg = Release|iPhoneSimulator
		{4D52B2F6-AAA8-4B12-9E8B-5182A99A77A9}.Release|iPhoneSimulator.Build.0 = Release|iPhoneSimulator
		{4D52B2F6-AAA8-4B12-9E8B-5182A99A77A9}.Release|x64.ActiveCfg = Release|iPhone
		{4D52B2F6-AAA8-4B12-9E8B-5182A99A77A9}.Release|x86.ActiveCfg = Release|iPhone
		{7D81F953-E5CF-48D8-A1D7-7369D1255546}.Debug|Any CPU.ActiveCfg = Debug|Any CPU
		{7D81F953-E5CF-48D8-A1D7-7369D1255546}.Debug|Any CPU.Build.0 = Debug|Any CPU
		{7D81F953-E5CF-48D8-A1D7-7369D1255546}.Debug|ARM.ActiveCfg = Debug|Any CPU
		{7D81F953-E5CF-48D8-A1D7-7369D1255546}.Debug|ARM.Build.0 = Debug|Any CPU
		{7D81F953-E5CF-48D8-A1D7-7369D1255546}.Debug|iPhone.ActiveCfg = Debug|Any CPU
		{7D81F953-E5CF-48D8-A1D7-7369D1255546}.Debug|iPhone.Build.0 = Debug|Any CPU
		{7D81F953-E5CF-48D8-A1D7-7369D1255546}.Debug|iPhoneSimulator.ActiveCfg = Debug|Any CPU
		{7D81F953-E5CF-48D8-A1D7-7369D1255546}.Debug|iPhoneSimulator.Build.0 = Debug|Any CPU
		{7D81F953-E5CF-48D8-A1D7-7369D1255546}.Debug|x64.ActiveCfg = Debug|Any CPU
		{7D81F953-E5CF-48D8-A1D7-7369D1255546}.Debug|x64.Build.0 = Debug|Any CPU
		{7D81F953-E5CF-48D8-A1D7-7369D1255546}.Debug|x86.ActiveCfg = Debug|Any CPU
		{7D81F953-E5CF-48D8-A1D7-7369D1255546}.Debug|x86.Build.0 = Debug|Any CPU
		{7D81F953-E5CF-48D8-A1D7-7369D1255546}.Release|Any CPU.ActiveCfg = Release|Any CPU
		{7D81F953-E5CF-48D8-A1D7-7369D1255546}.Release|Any CPU.Build.0 = Release|Any CPU
		{7D81F953-E5CF-48D8-A1D7-7369D1255546}.Release|ARM.ActiveCfg = Release|Any CPU
		{7D81F953-E5CF-48D8-A1D7-7369D1255546}.Release|ARM.Build.0 = Release|Any CPU
		{7D81F953-E5CF-48D8-A1D7-7369D1255546}.Release|iPhone.ActiveCfg = Release|Any CPU
		{7D81F953-E5CF-48D8-A1D7-7369D1255546}.Release|iPhone.Build.0 = Release|Any CPU
		{7D81F953-E5CF-48D8-A1D7-7369D1255546}.Release|iPhoneSimulator.ActiveCfg = Release|Any CPU
		{7D81F953-E5CF-48D8-A1D7-7369D1255546}.Release|iPhoneSimulator.Build.0 = Release|Any CPU
		{7D81F953-E5CF-48D8-A1D7-7369D1255546}.Release|x64.ActiveCfg = Release|Any CPU
		{7D81F953-E5CF-48D8-A1D7-7369D1255546}.Release|x64.Build.0 = Release|Any CPU
		{7D81F953-E5CF-48D8-A1D7-7369D1255546}.Release|x86.ActiveCfg = Release|Any CPU
		{7D81F953-E5CF-48D8-A1D7-7369D1255546}.Release|x86.Build.0 = Release|Any CPU
	EndGlobalSection
	GlobalSection(SolutionProperties) = preSolution
		HideSolutionNode = FALSE
	EndGlobalSection
	GlobalSection(NestedProjects) = preSolution
		{6C61BA76-6CBC-497A-A7AA-3CE7175307D0} = {F2ECED1B-389F-4120-A8D2-90B942A0089C}
		{6D77126B-37F8-4D36-8EF0-46ACF1C51ADA} = {47E5F04D-1BAA-4DF8-8988-AC224E94497C}
		{6F7CD62F-F9CB-41B0-BD05-040DE58B7394} = {47E5F04D-1BAA-4DF8-8988-AC224E94497C}
		{4D52B2F6-AAA8-4B12-9E8B-5182A99A77A9} = {47E5F04D-1BAA-4DF8-8988-AC224E94497C}
		{7D81F953-E5CF-48D8-A1D7-7369D1255546} = {47E5F04D-1BAA-4DF8-8988-AC224E94497C}
	EndGlobalSection
	GlobalSection(ExtensibilityGlobals) = postSolution
		SolutionGuid = {72C8FF6B-B80C-443E-985A-E7FA114637A1}
	EndGlobalSection
EndGlobal
